{
  "name": "toshino",
  "version": "1.0.3",
  "lockfileVersion": 3,
  "requires": true,
  "packages": {
    "": {
      "name": "toshino",
      "version": "1.0.3",
      "license": "MIT",
      "bin": {
        "toshino": "cli.js"
      },
      "engines": {
        "node": ">=0.10.0"
      }
    }
  }
}
